
Microsoft Visual Studio Solution File, Format Version 12.00
# Visual Studio 15
VisualStudioVersion = 15.0.28307.329
MinimumVisualStudioVersion = 10.0.40219.1
Project("{FAE04EC0-301F-11D3-BF4B-00C04F79EFBC}") = "RaspCommands", "RaspCommands.csproj", "{05FB2328-15E1-4E2C-9E02-4315CE1E44F5}"
EndProject
Global
	GlobalSection(SolutionConfigurationPlatforms) = preSolution
		Debug|Any CPU = Debug|Any CPU
		Release|Any CPU = Release|Any CPU
	EndGlobalSection
	GlobalSection(ProjectConfigurationPlatforms) = postSolution
		{05FB2328-15E1-4E2C-9E02-4315CE1E44F5}.Debug|Any CPU.ActiveCfg = Debug|Any CPU
		{05FB2328-15E1-4E2C-9E02-4315CE1E44F5}.Debug|Any CPU.Build.0 = Debug|Any CPU
		{05FB2328-15E1-4E2C-9E02-4315CE1E44F5}.Release|Any CPU.ActiveCfg = Release|Any CPU
		{05FB2328-15E1-4E2C-9E02-4315CE1E44F5}.Release|Any CPU.Build.0 = Release|Any CPU
	EndGlobalSection
	GlobalSection(SolutionProperties) = preSolution
		HideSolutionNode = FALSE
	EndGlobalSection
	GlobalSection(ExtensibilityGlobals) = postSolution
		SolutionGuid = {73B6D788-CEB4-4D43-8C2A-6F1E1C1AEE33}
	EndGlobalSection
EndGlobal
